PODS:
  - dynamic_icon_flutter (0.0.7):
    - Flutter
  - Flutter (1.0.0)
  - flutter_component (0.0.1):
    - Flutter
  - path_provider_foundation (0.0.1):
    - Flutter
    - FlutterMacOS
  - shared_preferences_foundation (0.0.1):
    - Flutter
    - FlutterMacOS

DEPENDENCIES:
  - dynamic_icon_flutter (from `.symlinks/plugins/dynamic_icon_flutter/ios`)
  - Flutter (from `Flutter`)
  - flutter_component (from `.symlinks/plugins/flutter_component/ios`)
  - path_provider_foundation (from `.symlinks/plugins/path_provider_foundation/darwin`)
  - shared_preferences_foundation (from `.symlinks/plugins/shared_preferences_foundation/darwin`)

EXTERNAL SOURCES:
  dynamic_icon_flutter:
    :path: ".symlinks/plugins/dynamic_icon_flutter/ios"
  Flutter:
    :path: Flutter
  flutter_component:
    :path: ".symlinks/plugins/flutter_component/ios"
  path_provider_foundation:
    :path: ".symlinks/plugins/path_provider_foundation/darwin"
  shared_preferences_foundation:
    :path: ".symlinks/plugins/shared_preferences_foundation/darwin"

SPEC CHECKSUMS:
  dynamic_icon_flutter: 8ef1720e1be115981dc0b87abad2b24d51c4b642
  Flutter: f04841e97a9d0b0a8025694d0796dd46242b2854
  flutter_component: 0d82042105b79a30caaf2fbda46f1ec119f4217d
  path_provider_foundation: 3784922295ac71e43754bd15e0653ccfd36a147c
  shared_preferences_foundation: b4c3b4cddf1c21f02770737f147a3f5da9d39695

PODFILE CHECKSUM: 70d9d25280d0dd177a5f637cdb0f0b0b12c6a189

COCOAPODS: 1.13.0
